{
  "object": {
    "pins": [
      {
        "package": "DTCollectionViewManager",
        "repositoryURL": "https://github.com/DenTelezhkin/DTCollectionViewManager",
        "state": {
          "branch": null,
          "revision": "18b2f6ec8b79454e01df384216bf73aa14e0f420",
          "version": "8.0.0-beta.1"
        }
      },
      {
        "package": "DTModelStorage",
        "repositoryURL": "https://github.com/DenTelezhkin/DTModelStorage",
        "state": {
          "branch": null,
          "revision": "d37197a942a7040166d30ff31c13630df11f276d",
          "version": "9.0.0-beta.1"
        }
      },
      {
        "package": "DTTableViewManager",
        "repositoryURL": "https://github.com/DenTelezhkin/DTTableViewManager",
        "state": {
          "branch": null,
          "revision": "7e8292ac14e68873fa8b649e57960b7904455304",
          "version": "8.0.0-beta.1"
        }
      }
    ]
  },
  "version": 1
}
